
Microsoft Visual Studio Solution File, Format Version 12.00
# Visual Studio Version 17
VisualStudioVersion = 17.8.34309.116
MinimumVisualStudioVersion = 10.0.40219.1
Project("{FAE04EC0-301F-11D3-BF4B-00C04F79EFBC}") = "ECommerceWeb", "ECommerceWeb\ECommerceWeb.csproj", "{95DE5E62-5061-4AB9-A04C-38D7B2AFD34A}"
EndProject
Global
	GlobalSection(SolutionConfigurationPlatforms) = preSolution
		Debug|Any CPU = Debug|Any CPU
		Release|Any CPU = Release|Any CPU
	EndGlobalSection
	GlobalSection(ProjectConfigurationPlatforms) = postSolution
		{95DE5E62-5061-4AB9-A04C-38D7B2AFD34A}.Debug|Any CPU.ActiveCfg = Debug|Any CPU
		{95DE5E62-5061-4AB9-A04C-38D7B2AFD34A}.Debug|Any CPU.Build.0 = Debug|Any CPU
		{95DE5E62-5061-4AB9-A04C-38D7B2AFD34A}.Release|Any CPU.ActiveCfg = Release|Any CPU
		{95DE5E62-5061-4AB9-A04C-38D7B2AFD34A}.Release|Any CPU.Build.0 = Release|Any CPU
	EndGlobalSection
	GlobalSection(SolutionProperties) = preSolution
		HideSolutionNode = FALSE
	EndGlobalSection
	GlobalSection(ExtensibilityGlobals) = postSolution
		SolutionGuid = {7A079289-2339-4A31-8C93-8330E651D560}
	EndGlobalSection
EndGlobal
